<?xml version="1.0" encoding="UTF-8"?>
<Scheme
   version = "1.3">
   <BuildAction>
      <BuildActionEntries>
         <BuildActionEntry
            buildForRunning = "YES">
            <BuildableReference
               BuildableIdentifier = "primary"
               BlueprintIdentifier = "ECE63BE815FA44FD00E75538"
               BuildableName = "DisplayDemo.app"
               BlueprintName = "DisplayDemo"
               ReferencedContainer = "container:DisplayDemo.xcodeproj">
            </BuildableReference>
         </BuildActionEntry>
      </BuildActionEntries>
   </BuildAction>
   <LaunchAction
      useCustomWorkingDirectory = "NO"
      buildConfiguration = "Debug">
      <BuildableProductRunnable>
         <BuildableReference
            BuildableIdentifier = "primary"
            BlueprintIdentifier = "ECE63BE815FA44FD00E75538"
            BuildableName = "DisplayDemo.app"
            BlueprintName = "DisplayDemo"
            ReferencedContainer = "container:DisplayDemo.xcodeproj">
         </BuildableReference>
      </BuildableProductRunnable>
   </LaunchAction>
</Scheme>
