// !$*UTF8*$!
{
	archiveVersion = 1;
	classes = {
	};
	objectVersion = 46;
	objects = {

/* Begin PBXBuildFile section */
		379402873CB0D5D57664B2F4 /* WFDisplayConfiguration+Timex.m in Sources */ = {isa = PBXBuildFile; fileRef = 3794061518E6F544A26D79A8 /* WFDisplayConfiguration+Timex.m */; };
		EC01EF0D1B7D6B8100016380 /* SystemConfiguration.framework in Frameworks */ = {isa = PBXBuildFile; fileRef = EC01EF0C1B7D6B8100016380 /* SystemConfiguration.framework */; };
		EC01EF141B7D6E5D00016380 /* SystemConfiguration.framework in Frameworks */ = {isa = PBXBuildFile; fileRef = EC01EF0C1B7D6B8100016380 /* SystemConfiguration.framework */; };
		EC1DD8B81696A4590018CFC6 /* WFDisplayConnectionVC.m in Sources */ = {isa = PBXBuildFile; fileRef = EC1DD8B71696A4580018CFC6 /* WFDisplayConnectionVC.m */; };
		EC1DD8BB1696A6E70018CFC6 /* WFDisplayDemoStandard.m in Sources */ = {isa = PBXBuildFile; fileRef = EC1DD8BA1696A6E70018CFC6 /* WFDisplayDemoStandard.m */; };
		EC1DD8BD169794F60018CFC6 /* StandardConfig.json in Resources */ = {isa = PBXBuildFile; fileRef = EC1DD8BC169794F60018CFC6 /* StandardConfig.json */; };
		EC2B133E178CE89300EA465C /* SystemStrings.json in Resources */ = {isa = PBXBuildFile; fileRef = EC2B133D178CE89300EA465C /* SystemStrings.json */; };
		EC2B133F178CE89300EA465C /* SystemStrings.json in Resources */ = {isa = PBXBuildFile; fileRef = EC2B133D178CE89300EA465C /* SystemStrings.json */; };
		EC2B1342178CE93000EA465C /* WFDisplayDemoSystemStringsVC.m in Sources */ = {isa = PBXBuildFile; fileRef = EC2B1341178CE93000EA465C /* WFDisplayDemoSystemStringsVC.m */; };
		EC2B1343178CE93000EA465C /* WFDisplayDemoSystemStringsVC.m in Sources */ = {isa = PBXBuildFile; fileRef = EC2B1341178CE93000EA465C /* WFDisplayDemoSystemStringsVC.m */; };
		EC399FD919A4CCFF0029CE80 /* pageTemplates-timex-preconfigured.json in Resources */ = {isa = PBXBuildFile; fileRef = EC399FD719A4CCFF0029CE80 /* pageTemplates-timex-preconfigured.json */; };
		EC399FDA19A4CCFF0029CE80 /* pageTemplates-timex-preconfigured.json in Resources */ = {isa = PBXBuildFile; fileRef = EC399FD719A4CCFF0029CE80 /* pageTemplates-timex-preconfigured.json */; };
		EC399FDB19A4CCFF0029CE80 /* pageTemplates-timex.json in Resources */ = {isa = PBXBuildFile; fileRef = EC399FD819A4CCFF0029CE80 /* pageTemplates-timex.json */; };
		EC399FDC19A4CCFF0029CE80 /* pageTemplates-timex.json in Resources */ = {isa = PBXBuildFile; fileRef = EC399FD819A4CCFF0029CE80 /* pageTemplates-timex.json */; };
		EC4509861803E45D0090379E /* MediaPlayer.framework in Frameworks */ = {isa = PBXBuildFile; fileRef = EC4509851803E45D0090379E /* MediaPlayer.framework */; };
		EC4509871803E4640090379E /* MediaPlayer.framework in Frameworks */ = {isa = PBXBuildFile; fileRef = EC4509851803E45D0090379E /* MediaPlayer.framework */; };
		EC588D03167091590064A798 /* WFConnector.framework in Frameworks */ = {isa = PBXBuildFile; fileRef = EC588D02167091590064A798 /* WFConnector.framework */; };
		EC5F64B8169C515000898113 /* WFSensorImformationVC.m in Sources */ = {isa = PBXBuildFile; fileRef = EC5F64B7169C515000898113 /* WFSensorImformationVC.m */; };
		EC67AB08182B6DB400D261D3 /* DOT.TTF in Resources */ = {isa = PBXBuildFile; fileRef = EC67AB07182B6DB400D261D3 /* DOT.TTF */; };
		EC67AB09182B6DB400D261D3 /* DOT.TTF in Resources */ = {isa = PBXBuildFile; fileRef = EC67AB07182B6DB400D261D3 /* DOT.TTF */; };
		EC67AB0E182B707D00D261D3 /* LCD.TTF in Resources */ = {isa = PBXBuildFile; fileRef = EC67AB0B182B707D00D261D3 /* LCD.TTF */; };
		EC67AB0F182B707D00D261D3 /* LCD.TTF in Resources */ = {isa = PBXBuildFile; fileRef = EC67AB0B182B707D00D261D3 /* LCD.TTF */; };
		EC67AB11182C637300D261D3 /* CasioBody@2x.png in Resources */ = {isa = PBXBuildFile; fileRef = EC67AB10182C637300D261D3 /* CasioBody@2x.png */; };
		EC6CCC6E180657EC00FBE743 /* WFDisplaySoundsDemoVC.m in Sources */ = {isa = PBXBuildFile; fileRef = EC6CCC6D180657EC00FBE743 /* WFDisplaySoundsDemoVC.m */; };
		EC6CCC701806595A00FBE743 /* Sounds-Echo.json in Resources */ = {isa = PBXBuildFile; fileRef = EC6CCC6F1806595A00FBE743 /* Sounds-Echo.json */; };
		EC8C6D1E1817E42E00BC4CD5 /* AppName-Casio.json in Resources */ = {isa = PBXBuildFile; fileRef = EC8C6D1D1817E42E00BC4CD5 /* AppName-Casio.json */; };
		EC906918181794CB007EFF34 /* Casio-STB-1000.json in Resources */ = {isa = PBXBuildFile; fileRef = EC906917181794CB007EFF34 /* Casio-STB-1000.json */; };
		ECAB93D2173A766A0026FC8A /* Default-568h@2x.png in Resources */ = {isa = PBXBuildFile; fileRef = ECAB93D1173A766A0026FC8A /* Default-568h@2x.png */; };
		ECAB93D3173A766A0026FC8A /* Default-568h@2x.png in Resources */ = {isa = PBXBuildFile; fileRef = ECAB93D1173A766A0026FC8A /* Default-568h@2x.png */; };
		ECAE03321681A31300D2D424 /* FontTest.json in Resources */ = {isa = PBXBuildFile; fileRef = ECAE03311681A31300D2D424 /* FontTest.json */; };
		ECB60A491730B3E500879ABA /* NumberFonts.json in Resources */ = {isa = PBXBuildFile; fileRef = ECB60A481730B3E500879ABA /* NumberFonts.json */; };
		ECB60A4B1730EB1B00879ABA /* System26Test.json in Resources */ = {isa = PBXBuildFile; fileRef = ECB60A4A1730EB1B00879ABA /* System26Test.json */; };
		ECDBB82D196D3918004A7ACC /* FontTest-Timex.json in Resources */ = {isa = PBXBuildFile; fileRef = ECDBB82C196D3918004A7ACC /* FontTest-Timex.json */; };
		ECDBB82E196D3918004A7ACC /* FontTest-Timex.json in Resources */ = {isa = PBXBuildFile; fileRef = ECDBB82C196D3918004A7ACC /* FontTest-Timex.json */; };
		ECDBB83B1970E0D9004A7ACC /* Sounds-Dev1.json in Resources */ = {isa = PBXBuildFile; fileRef = ECDBB83A1970E0D9004A7ACC /* Sounds-Dev1.json */; };
		ECDBB83C1970E0D9004A7ACC /* Sounds-Dev1.json in Resources */ = {isa = PBXBuildFile; fileRef = ECDBB83A1970E0D9004A7ACC /* Sounds-Dev1.json */; };
		ECDBB84619735DD5004A7ACC /* StandardConfig-Dev1.json in Resources */ = {isa = PBXBuildFile; fileRef = ECDBB84519735DD5004A7ACC /* StandardConfig-Dev1.json */; };
		ECDBB84719735DD5004A7ACC /* StandardConfig-Dev1.json in Resources */ = {isa = PBXBuildFile; fileRef = ECDBB84519735DD5004A7ACC /* StandardConfig-Dev1.json */; };
		ECE2994117A78A4D00A79671 /* WFDisplayPageVC.m in Sources */ = {isa = PBXBuildFile; fileRef = ECE2994017A78A4D00A79671 /* WFDisplayPageVC.m */; };
		ECE2994217A78A4D00A79671 /* WFDisplayPageVC.m in Sources */ = {isa = PBXBuildFile; fileRef = ECE2994017A78A4D00A79671 /* WFDisplayPageVC.m */; };
		ECE2995917A791B000A79671 /* RFLKTBody.png in Resources */ = {isa = PBXBuildFile; fileRef = ECE2995517A791B000A79671 /* RFLKTBody.png */; };
		ECE2995A17A791B000A79671 /* RFLKTBody.png in Resources */ = {isa = PBXBuildFile; fileRef = ECE2995517A791B000A79671 /* RFLKTBody.png */; };
		ECE2995B17A791B000A79671 /* RFLKTBody@2x.png in Resources */ = {isa = PBXBuildFile; fileRef = ECE2995617A791B000A79671 /* RFLKTBody@2x.png */; };
		ECE2995C17A791B000A79671 /* RFLKTBody@2x.png in Resources */ = {isa = PBXBuildFile; fileRef = ECE2995617A791B000A79671 /* RFLKTBody@2x.png */; };
		ECE2995D17A791B000A79671 /* RFLKTReflection.png in Resources */ = {isa = PBXBuildFile; fileRef = ECE2995717A791B000A79671 /* RFLKTReflection.png */; };
		ECE2995E17A791B000A79671 /* RFLKTReflection.png in Resources */ = {isa = PBXBuildFile; fileRef = ECE2995717A791B000A79671 /* RFLKTReflection.png */; };
		ECE2995F17A791B000A79671 /* RFLKTReflection@2x.png in Resources */ = {isa = PBXBuildFile; fileRef = ECE2995817A791B000A79671 /* RFLKTReflection@2x.png */; };
		ECE2996017A791B000A79671 /* RFLKTReflection@2x.png in Resources */ = {isa = PBXBuildFile; fileRef = ECE2995817A791B000A79671 /* RFLKTReflection@2x.png */; };
		ECE2996317A7A96B00A79671 /* WFDisplayPageViewSelectTVC.m in Sources */ = {isa = PBXBuildFile; fileRef = ECE2996217A7A96B00A79671 /* WFDisplayPageViewSelectTVC.m */; };
		ECE2996417A7A96B00A79671 /* WFDisplayPageViewSelectTVC.m in Sources */ = {isa = PBXBuildFile; fileRef = ECE2996217A7A96B00A79671 /* WFDisplayPageViewSelectTVC.m */; };
		ECE2996817A7AA9E00A79671 /* EchoBody@2x.png in Resources */ = {isa = PBXBuildFile; fileRef = ECE2996617A7AA9E00A79671 /* EchoBody@2x.png */; };
		ECE2996917A7AA9E00A79671 /* EchoBody@2x.png in Resources */ = {isa = PBXBuildFile; fileRef = ECE2996617A7AA9E00A79671 /* EchoBody@2x.png */; };
		ECE2996A17A7AA9E00A79671 /* EchoBody.png in Resources */ = {isa = PBXBuildFile; fileRef = ECE2996717A7AA9E00A79671 /* EchoBody.png */; };
		ECE2996B17A7AA9E00A79671 /* EchoBody.png in Resources */ = {isa = PBXBuildFile; fileRef = ECE2996717A7AA9E00A79671 /* EchoBody.png */; };
		ECE3CA881738E0CB0067F404 /* main.m in Sources */ = {isa = PBXBuildFile; fileRef = ECE63BF915FA44FE00E75538 /* main.m */; };
		ECE3CA891738E0CB0067F404 /* WFAppDelegate.m in Sources */ = {isa = PBXBuildFile; fileRef = ECE63BFD15FA44FE00E75538 /* WFAppDelegate.m */; };
		ECE3CA8A1738E0CB0067F404 /* WFSensorConnectionVC.m in Sources */ = {isa = PBXBuildFile; fileRef = ECE98189168E740C007A8FF2 /* WFSensorConnectionVC.m */; };
		ECE3CA8B1738E0CB0067F404 /* WFDisplayConnectionVC.m in Sources */ = {isa = PBXBuildFile; fileRef = EC1DD8B71696A4580018CFC6 /* WFDisplayConnectionVC.m */; };
		ECE3CA8C1738E0CB0067F404 /* WFDisplayDemoStandard.m in Sources */ = {isa = PBXBuildFile; fileRef = EC1DD8BA1696A6E70018CFC6 /* WFDisplayDemoStandard.m */; };
		ECE3CA8D1738E0CB0067F404 /* WFSensorImformationVC.m in Sources */ = {isa = PBXBuildFile; fileRef = EC5F64B7169C515000898113 /* WFSensorImformationVC.m */; };
		ECE3CA8F1738E0CB0067F404 /* WFConnector.framework in Frameworks */ = {isa = PBXBuildFile; fileRef = EC588D02167091590064A798 /* WFConnector.framework */; };
		ECE3CA911738E0CB0067F404 /* ExternalAccessory.framework in Frameworks */ = {isa = PBXBuildFile; fileRef = ECE63C3915FA4FCC00E75538 /* ExternalAccessory.framework */; };
		ECE3CA921738E0CB0067F404 /* CoreBluetooth.framework in Frameworks */ = {isa = PBXBuildFile; fileRef = ECE63C3615FA4FB600E75538 /* CoreBluetooth.framework */; settings = {ATTRIBUTES = (Weak, ); }; };
		ECE3CA931738E0CB0067F404 /* UIKit.framework in Frameworks */ = {isa = PBXBuildFile; fileRef = ECE63BED15FA44FD00E75538 /* UIKit.framework */; };
		ECE3CA941738E0CB0067F404 /* Foundation.framework in Frameworks */ = {isa = PBXBuildFile; fileRef = ECE63BEF15FA44FD00E75538 /* Foundation.framework */; };
		ECE3CA951738E0CB0067F404 /* CoreGraphics.framework in Frameworks */ = {isa = PBXBuildFile; fileRef = ECE63BF115FA44FD00E75538 /* CoreGraphics.framework */; };
		ECE3CA981738E0CB0067F404 /* MainStoryboard.storyboard in Resources */ = {isa = PBXBuildFile; fileRef = ECE63C1115FA467E00E75538 /* MainStoryboard.storyboard */; };
		ECE3CA991738E0CB0067F404 /* FontTest.json in Resources */ = {isa = PBXBuildFile; fileRef = ECAE03311681A31300D2D424 /* FontTest.json */; };
		ECE3CA9A1738E0CB0067F404 /* StandardConfig.json in Resources */ = {isa = PBXBuildFile; fileRef = EC1DD8BC169794F60018CFC6 /* StandardConfig.json */; };
		ECE3CA9E1738E0CB0067F404 /* default.json in Resources */ = {isa = PBXBuildFile; fileRef = ECE6B55A172B98450021FA18 /* default.json */; };
		ECE3CAA01738E0CB0067F404 /* NumberFonts.json in Resources */ = {isa = PBXBuildFile; fileRef = ECB60A481730B3E500879ABA /* NumberFonts.json */; };
		ECE3CAA11738E0CB0067F404 /* System26Test.json in Resources */ = {isa = PBXBuildFile; fileRef = ECB60A4A1730EB1B00879ABA /* System26Test.json */; };
		ECE3CAA81738E1B80067F404 /* AppName.json in Resources */ = {isa = PBXBuildFile; fileRef = ECE3CAA71738E1B80067F404 /* AppName.json */; };
		ECE3CAA91738E1B80067F404 /* AppName.json in Resources */ = {isa = PBXBuildFile; fileRef = ECE3CAA71738E1B80067F404 /* AppName.json */; };
		ECE63BEE15FA44FD00E75538 /* UIKit.framework in Frameworks */ = {isa = PBXBuildFile; fileRef = ECE63BED15FA44FD00E75538 /* UIKit.framework */; };
		ECE63BF015FA44FD00E75538 /* Foundation.framework in Frameworks */ = {isa = PBXBuildFile; fileRef = ECE63BEF15FA44FD00E75538 /* Foundation.framework */; };
		ECE63BF215FA44FD00E75538 /* CoreGraphics.framework in Frameworks */ = {isa = PBXBuildFile; fileRef = ECE63BF115FA44FD00E75538 /* CoreGraphics.framework */; };
		ECE63BFA15FA44FE00E75538 /* main.m in Sources */ = {isa = PBXBuildFile; fileRef = ECE63BF915FA44FE00E75538 /* main.m */; };
		ECE63BFE15FA44FE00E75538 /* WFAppDelegate.m in Sources */ = {isa = PBXBuildFile; fileRef = ECE63BFD15FA44FE00E75538 /* WFAppDelegate.m */; };
		ECE63C1415FA467E00E75538 /* MainStoryboard.storyboard in Resources */ = {isa = PBXBuildFile; fileRef = ECE63C1115FA467E00E75538 /* MainStoryboard.storyboard */; };
		ECE63C3715FA4FB600E75538 /* CoreBluetooth.framework in Frameworks */ = {isa = PBXBuildFile; fileRef = ECE63C3615FA4FB600E75538 /* CoreBluetooth.framework */; };
		ECE63C3A15FA4FCC00E75538 /* ExternalAccessory.framework in Frameworks */ = {isa = PBXBuildFile; fileRef = ECE63C3915FA4FCC00E75538 /* ExternalAccessory.framework */; };
		ECE6B55B172B98450021FA18 /* default.json in Resources */ = {isa = PBXBuildFile; fileRef = ECE6B55A172B98450021FA18 /* default.json */; };
		ECE9818B168E740C007A8FF2 /* WFSensorConnectionVC.m in Sources */ = {isa = PBXBuildFile; fileRef = ECE98189168E740C007A8FF2 /* WFSensorConnectionVC.m */; };
		ECEDE8D81831FBBB006903C8 /* Sounds-Casio.json in Resources */ = {isa = PBXBuildFile; fileRef = ECEDE8D71831FBBB006903C8 /* Sounds-Casio.json */; };
/* End PBXBuildFile section */

/* Begin PBXFileReference section */
		3794061518E6F544A26D79A8 /* WFDisplayConfiguration+Timex.m */ = {isa = PBXFileReference; fileEncoding = 4; lastKnownFileType = sourcecode.c.objc; path = "WFDisplayConfiguration+Timex.m"; sourceTree = "<group>"; };
		37940C52023F96F8BF1FD110 /* WFDisplayConfiguration+Timex.h */ = {isa = PBXFileReference; fileEncoding = 4; lastKnownFileType = sourcecode.c.h; path = "WFDisplayConfiguration+Timex.h"; sourceTree = "<group>"; };
		EC01EF0C1B7D6B8100016380 /* SystemConfiguration.framework */ = {isa = PBXFileReference; lastKnownFileType = wrapper.framework; name = SystemConfiguration.framework; path = System/Library/Frameworks/SystemConfiguration.framework; sourceTree = SDKROOT; };
		EC1DD8B61696A4580018CFC6 /* WFDisplayConnectionVC.h */ = {isa = PBXFileReference; fileEncoding = 4; lastKnownFileType = sourcecode.c.h; path = WFDisplayConnectionVC.h; sourceTree = "<group>"; };
		EC1DD8B71696A4580018CFC6 /* WFDisplayConnectionVC.m */ = {isa = PBXFileReference; fileEncoding = 4; lastKnownFileType = sourcecode.c.objc; path = WFDisplayConnectionVC.m; sourceTree = "<group>"; };
		EC1DD8B91696A6E70018CFC6 /* WFDisplayDemoStandard.h */ = {isa = PBXFileReference; fileEncoding = 4; lastKnownFileType = sourcecode.c.h; path = WFDisplayDemoStandard.h; sourceTree = "<group>"; };
		EC1DD8BA1696A6E70018CFC6 /* WFDisplayDemoStandard.m */ = {isa = PBXFileReference; fileEncoding = 4; lastKnownFileType = sourcecode.c.objc; path = WFDisplayDemoStandard.m; sourceTree = "<group>"; };
		EC1DD8BC169794F60018CFC6 /* StandardConfig.json */ = {isa = PBXFileReference; fileEncoding = 4; lastKnownFileType = text.json; path = StandardConfig.json; sourceTree = "<group>"; };
		EC2B133D178CE89300EA465C /* SystemStrings.json */ = {isa = PBXFileReference; fileEncoding = 4; lastKnownFileType = text.json; path = SystemStrings.json; sourceTree = "<group>"; };
		EC2B1340178CE93000EA465C /* WFDisplayDemoSystemStringsVC.h */ = {isa = PBXFileReference; fileEncoding = 4; lastKnownFileType = sourcecode.c.h; path = WFDisplayDemoSystemStringsVC.h; sourceTree = "<group>"; };
		EC2B1341178CE93000EA465C /* WFDisplayDemoSystemStringsVC.m */ = {isa = PBXFileReference; fileEncoding = 4; lastKnownFileType = sourcecode.c.objc; path = WFDisplayDemoSystemStringsVC.m; sourceTree = "<group>"; };
		EC399FD719A4CCFF0029CE80 /* pageTemplates-timex-preconfigured.json */ = {isa = PBXFileReference; fileEncoding = 4; lastKnownFileType = text.json; path = "pageTemplates-timex-preconfigured.json"; sourceTree = "<group>"; };
		EC399FD819A4CCFF0029CE80 /* pageTemplates-timex.json */ = {isa = PBXFileReference; fileEncoding = 4; lastKnownFileType = text.json; path = "pageTemplates-timex.json"; sourceTree = "<group>"; };
		EC4509851803E45D0090379E /* MediaPlayer.framework */ = {isa = PBXFileReference; lastKnownFileType = wrapper.framework; name = MediaPlayer.framework; path = System/Library/Frameworks/MediaPlayer.framework; sourceTree = SDKROOT; };
		EC588D02167091590064A798 /* WFConnector.framework */ = {isa = PBXFileReference; lastKnownFileType = wrapper.framework; name = WFConnector.framework; path = ../dependencies/WFConnector.framework; sourceTree = "<group>"; };
		EC5F64B6169C515000898113 /* WFSensorImformationVC.h */ = {isa = PBXFileReference; fileEncoding = 4; lastKnownFileType = sourcecode.c.h; path = WFSensorImformationVC.h; sourceTree = "<group>"; };
		EC5F64B7169C515000898113 /* WFSensorImformationVC.m */ = {isa = PBXFileReference; fileEncoding = 4; lastKnownFileType = sourcecode.c.objc; path = WFSensorImformationVC.m; sourceTree = "<group>"; };
		EC67AB07182B6DB400D261D3 /* DOT.TTF */ = {isa = PBXFileReference; lastKnownFileType = file; path = DOT.TTF; sourceTree = "<group>"; };
		EC67AB0B182B707D00D261D3 /* LCD.TTF */ = {isa = PBXFileReference; lastKnownFileType = file; path = LCD.TTF; sourceTree = "<group>"; };
		EC67AB10182C637300D261D3 /* CasioBody@2x.png */ = {isa = PBXFileReference; lastKnownFileType = image.png; path = "CasioBody@2x.png"; sourceTree = "<group>"; };
		EC6CCC6C180657EC00FBE743 /* WFDisplaySoundsDemoVC.h */ = {isa = PBXFileReference; fileEncoding = 4; lastKnownFileType = sourcecode.c.h; path = WFDisplaySoundsDemoVC.h; sourceTree = "<group>"; };
		EC6CCC6D180657EC00FBE743 /* WFDisplaySoundsDemoVC.m */ = {isa = PBXFileReference; fileEncoding = 4; lastKnownFileType = sourcecode.c.objc; path = WFDisplaySoundsDemoVC.m; sourceTree = "<group>"; };
		EC6CCC6F1806595A00FBE743 /* Sounds-Echo.json */ = {isa = PBXFileReference; fileEncoding = 4; lastKnownFileType = text.json; path = "Sounds-Echo.json"; sourceTree = "<group>"; };
		EC8C6D1D1817E42E00BC4CD5 /* AppName-Casio.json */ = {isa = PBXFileReference; fileEncoding = 4; lastKnownFileType = text.json; path = "AppName-Casio.json"; sourceTree = "<group>"; };
		EC906917181794CB007EFF34 /* Casio-STB-1000.json */ = {isa = PBXFileReference; fileEncoding = 4; lastKnownFileType = text.json; path = "Casio-STB-1000.json"; sourceTree = "<group>"; };
		ECAB93D1173A766A0026FC8A /* Default-568h@2x.png */ = {isa = PBXFileReference; lastKnownFileType = image.png; path = "Default-568h@2x.png"; sourceTree = "<group>"; };
		ECAE03311681A31300D2D424 /* FontTest.json */ = {isa = PBXFileReference; fileEncoding = 4; lastKnownFileType = text.json; path = FontTest.json; sourceTree = "<group>"; };
		ECB60A481730B3E500879ABA /* NumberFonts.json */ = {isa = PBXFileReference; fileEncoding = 4; lastKnownFileType = text.json; path = NumberFonts.json; sourceTree = "<group>"; };
		ECB60A4A1730EB1B00879ABA /* System26Test.json */ = {isa = PBXFileReference; fileEncoding = 4; lastKnownFileType = text.json; path = System26Test.json; sourceTree = "<group>"; };
		ECDBB82C196D3918004A7ACC /* FontTest-Timex.json */ = {isa = PBXFileReference; fileEncoding = 4; lastKnownFileType = text.json; path = "FontTest-Timex.json"; sourceTree = "<group>"; };
		ECDBB83A1970E0D9004A7ACC /* Sounds-Dev1.json */ = {isa = PBXFileReference; fileEncoding = 4; lastKnownFileType = text.json; path = "Sounds-Dev1.json"; sourceTree = "<group>"; };
		ECDBB84519735DD5004A7ACC /* StandardConfig-Dev1.json */ = {isa = PBXFileReference; fileEncoding = 4; lastKnownFileType = text.json; path = "StandardConfig-Dev1.json"; sourceTree = "<group>"; };
		ECE2993F17A78A4D00A79671 /* WFDisplayPageVC.h */ = {isa = PBXFileReference; fileEncoding = 4; lastKnownFileType = sourcecode.c.h; path = WFDisplayPageVC.h; sourceTree = "<group>"; };
		ECE2994017A78A4D00A79671 /* WFDisplayPageVC.m */ = {isa = PBXFileReference; fileEncoding = 4; lastKnownFileType = sourcecode.c.objc; path = WFDisplayPageVC.m; sourceTree = "<group>"; };
		ECE2995517A791B000A79671 /* RFLKTBody.png */ = {isa = PBXFileReference; lastKnownFileType = image.png; path = RFLKTBody.png; sourceTree = "<group>"; };
		ECE2995617A791B000A79671 /* RFLKTBody@2x.png */ = {isa = PBXFileReference; lastKnownFileType = image.png; path = "RFLKTBody@2x.png"; sourceTree = "<group>"; };
		ECE2995717A791B000A79671 /* RFLKTReflection.png */ = {isa = PBXFileReference; lastKnownFileType = image.png; path = RFLKTReflection.png; sourceTree = "<group>"; };
		ECE2995817A791B000A79671 /* RFLKTReflection@2x.png */ = {isa = PBXFileReference; lastKnownFileType = image.png; path = "RFLKTReflection@2x.png"; sourceTree = "<group>"; };
		ECE2996117A7A96B00A79671 /* WFDisplayPageViewSelectTVC.h */ = {isa = PBXFileReference; fileEncoding = 4; lastKnownFileType = sourcecode.c.h; path = WFDisplayPageViewSelectTVC.h; sourceTree = "<group>"; };
		ECE2996217A7A96B00A79671 /* WFDisplayPageViewSelectTVC.m */ = {isa = PBXFileReference; fileEncoding = 4; lastKnownFileType = sourcecode.c.objc; path = WFDisplayPageViewSelectTVC.m; sourceTree = "<group>"; };
		ECE2996617A7AA9E00A79671 /* EchoBody@2x.png */ = {isa = PBXFileReference; lastKnownFileType = image.png; path = "EchoBody@2x.png"; sourceTree = "<group>"; };
		ECE2996717A7AA9E00A79671 /* EchoBody.png */ = {isa = PBXFileReference; lastKnownFileType = image.png; path = EchoBody.png; sourceTree = "<group>"; };
		ECE3CAA51738E0CB0067F404 /* DisplayDemoAlt.app */ = {isa = PBXFileReference; explicitFileType = wrapper.application; includeInIndex = 0; path = DisplayDemoAlt.app; sourceTree = BUILT_PRODUCTS_DIR; };
		ECE3CAA61738E0CB0067F404 /* DisplayDemoAlt-Info.plist */ = {isa = PBXFileReference; lastKnownFileType = text.plist.xml; name = "DisplayDemoAlt-Info.plist"; path = "/Users/murrayhughes/Documents/WahooFitnessGit/WFDeveloper/WahooFitnessSDK/DisplayDemo/DisplayDemo/DisplayDemoAlt-Info.plist"; sourceTree = "<absolute>"; };
		ECE3CAA71738E1B80067F404 /* AppName.json */ = {isa = PBXFileReference; fileEncoding = 4; lastKnownFileType = text.json; path = AppName.json; sourceTree = "<group>"; };
		ECE63BE915FA44FD00E75538 /* DisplayDemo.app */ = {isa = PBXFileReference; explicitFileType = wrapper.application; includeInIndex = 0; path = DisplayDemo.app; sourceTree = BUILT_PRODUCTS_DIR; };
		ECE63BED15FA44FD00E75538 /* UIKit.framework */ = {isa = PBXFileReference; lastKnownFileType = wrapper.framework; name = UIKit.framework; path = System/Library/Frameworks/UIKit.framework; sourceTree = SDKROOT; };
		ECE63BEF15FA44FD00E75538 /* Foundation.framework */ = {isa = PBXFileReference; lastKnownFileType = wrapper.framework; name = Foundation.framework; path = System/Library/Frameworks/Foundation.framework; sourceTree = SDKROOT; };
		ECE63BF115FA44FD00E75538 /* CoreGraphics.framework */ = {isa = PBXFileReference; lastKnownFileType = wrapper.framework; name = CoreGraphics.framework; path = System/Library/Frameworks/CoreGraphics.framework; sourceTree = SDKROOT; };
		ECE63BF515FA44FE00E75538 /* DisplayDemo-Info.plist */ = {isa = PBXFileReference; lastKnownFileType = text.plist.xml; path = "DisplayDemo-Info.plist"; sourceTree = "<group>"; };
		ECE63BF915FA44FE00E75538 /* main.m */ = {isa = PBXFileReference; lastKnownFileType = sourcecode.c.objc; path = main.m; sourceTree = "<group>"; };
		ECE63BFB15FA44FE00E75538 /* DisplayDemo-Prefix.pch */ = {isa = PBXFileReference; lastKnownFileType = sourcecode.c.h; path = "DisplayDemo-Prefix.pch"; sourceTree = "<group>"; };
		ECE63BFC15FA44FE00E75538 /* WFAppDelegate.h */ = {isa = PBXFileReference; lastKnownFileType = sourcecode.c.h; path = WFAppDelegate.h; sourceTree = "<group>"; };
		ECE63BFD15FA44FE00E75538 /* WFAppDelegate.m */ = {isa = PBXFileReference; lastKnownFileType = sourcecode.c.objc; path = WFAppDelegate.m; sourceTree = "<group>"; };
		ECE63C1115FA467E00E75538 /* MainStoryboard.storyboard */ = {isa = PBXFileReference; fileEncoding = 4; lastKnownFileType = file.storyboard; path = MainStoryboard.storyboard; sourceTree = "<group>"; };
		ECE63C3615FA4FB600E75538 /* CoreBluetooth.framework */ = {isa = PBXFileReference; lastKnownFileType = wrapper.framework; name = CoreBluetooth.framework; path = System/Library/Frameworks/CoreBluetooth.framework; sourceTree = SDKROOT; };
		ECE63C3915FA4FCC00E75538 /* ExternalAccessory.framework */ = {isa = PBXFileReference; lastKnownFileType = wrapper.framework; name = ExternalAccessory.framework; path = System/Library/Frameworks/ExternalAccessory.framework; sourceTree = SDKROOT; };
		ECE6B55A172B98450021FA18 /* default.json */ = {isa = PBXFileReference; fileEncoding = 4; lastKnownFileType = text.json; path = default.json; sourceTree = "<group>"; };
		ECE98188168E740C007A8FF2 /* WFSensorConnectionVC.h */ = {isa = PBXFileReference; fileEncoding = 4; lastKnownFileType = sourcecode.c.h; path = WFSensorConnectionVC.h; sourceTree = "<group>"; };
		ECE98189168E740C007A8FF2 /* WFSensorConnectionVC.m */ = {isa = PBXFileReference; fileEncoding = 4; lastKnownFileType = sourcecode.c.objc; path = WFSensorConnectionVC.m; sourceTree = "<group>"; };
		ECEDE8D71831FBBB006903C8 /* Sounds-Casio.json */ = {isa = PBXFileReference; fileEncoding = 4; lastKnownFileType = text.json; path = "Sounds-Casio.json"; sourceTree = "<group>"; };
/* End PBXFileReference section */

/* Begin PBXFrameworksBuildPhase section */
		ECE3CA8E1738E0CB0067F404 /* Frameworks */ = {
			isa = PBXFrameworksBuildPhase;
			buildActionMask = 2147483647;
			files = (
				EC01EF141B7D6E5D00016380 /* SystemConfiguration.framework in Frameworks */,
				EC4509871803E4640090379E /* MediaPlayer.framework in Frameworks */,
				ECE3CA8F1738E0CB0067F404 /* WFConnector.framework in Frameworks */,
				ECE3CA911738E0CB0067F404 /* ExternalAccessory.framework in Frameworks */,
				ECE3CA921738E0CB0067F404 /* CoreBluetooth.framework in Frameworks */,
				ECE3CA931738E0CB0067F404 /* UIKit.framework in Frameworks */,
				ECE3CA941738E0CB0067F404 /* Foundation.framework in Frameworks */,
				ECE3CA951738E0CB0067F404 /* CoreGraphics.framework in Frameworks */,
			);
			runOnlyForDeploymentPostprocessing = 0;
		};
		ECE63BE615FA44FD00E75538 /* Frameworks */ = {
			isa = PBXFrameworksBuildPhase;
			buildActionMask = 2147483647;
			files = (
				EC01EF0D1B7D6B8100016380 /* SystemConfiguration.framework in Frameworks */,
				EC4509861803E45D0090379E /* MediaPlayer.framework in Frameworks */,
				EC588D03167091590064A798 /* WFConnector.framework in Frameworks */,
				ECE63C3A15FA4FCC00E75538 /* ExternalAccessory.framework in Frameworks */,
				ECE63C3715FA4FB600E75538 /* CoreBluetooth.framework in Frameworks */,
				ECE63BEE15FA44FD00E75538 /* UIKit.framework in Frameworks */,
				ECE63BF015FA44FD00E75538 /* Foundation.framework in Frameworks */,
				ECE63BF215FA44FD00E75538 /* CoreGraphics.framework in Frameworks */,
			);
			runOnlyForDeploymentPostprocessing = 0;
		};
/* End PBXFrameworksBuildPhase section */

/* Begin PBXGroup section */
		EC5F64B5169C496600898113 /* common */ = {
			isa = PBXGroup;
			children = (
				EC5F64B6169C515000898113 /* WFSensorImformationVC.h */,
				EC5F64B7169C515000898113 /* WFSensorImformationVC.m */,
				ECE98188168E740C007A8FF2 /* WFSensorConnectionVC.h */,
				ECE98189168E740C007A8FF2 /* WFSensorConnectionVC.m */,
			);
			name = common;
			sourceTree = "<group>";
		};
		EC80D5EF16A41A690078A8D9 /* Resources */ = {
			isa = PBXGroup;
			children = (
				EC67AB10182C637300D261D3 /* CasioBody@2x.png */,
				EC67AB0B182B707D00D261D3 /* LCD.TTF */,
				EC67AB07182B6DB400D261D3 /* DOT.TTF */,
				ECE2996617A7AA9E00A79671 /* EchoBody@2x.png */,
				ECE2996717A7AA9E00A79671 /* EchoBody.png */,
				ECE2995517A791B000A79671 /* RFLKTBody.png */,
				ECE2995617A791B000A79671 /* RFLKTBody@2x.png */,
				ECE2995717A791B000A79671 /* RFLKTReflection.png */,
				ECE2995817A791B000A79671 /* RFLKTReflection@2x.png */,
				ECAB93D1173A766A0026FC8A /* Default-568h@2x.png */,
			);
			path = Resources;
			sourceTree = "<group>";
		};
		ECE2996517A7A96F00A79671 /* displayPageView */ = {
			isa = PBXGroup;
			children = (
				ECE2993F17A78A4D00A79671 /* WFDisplayPageVC.h */,
				ECE2994017A78A4D00A79671 /* WFDisplayPageVC.m */,
				ECE2996117A7A96B00A79671 /* WFDisplayPageViewSelectTVC.h */,
				ECE2996217A7A96B00A79671 /* WFDisplayPageViewSelectTVC.m */,
			);
			name = displayPageView;
			sourceTree = "<group>";
		};
		ECE63BDE15FA44FD00E75538 = {
			isa = PBXGroup;
			children = (
				ECE63BF315FA44FD00E75538 /* DisplayDemo */,
				ECE63BEC15FA44FD00E75538 /* Frameworks */,
				ECE63BEA15FA44FD00E75538 /* Products */,
			);
			sourceTree = "<group>";
		};
		ECE63BEA15FA44FD00E75538 /* Products */ = {
			isa = PBXGroup;
			children = (
				ECE63BE915FA44FD00E75538 /* DisplayDemo.app */,
				ECE3CAA51738E0CB0067F404 /* DisplayDemoAlt.app */,
			);
			name = Products;
			sourceTree = "<group>";
		};
		ECE63BEC15FA44FD00E75538 /* Frameworks */ = {
			isa = PBXGroup;
			children = (
				EC01EF0C1B7D6B8100016380 /* SystemConfiguration.framework */,
				EC4509851803E45D0090379E /* MediaPlayer.framework */,
				EC588D02167091590064A798 /* WFConnector.framework */,
				ECE63C3915FA4FCC00E75538 /* ExternalAccessory.framework */,
				ECE63C3615FA4FB600E75538 /* CoreBluetooth.framework */,
				ECE63BED15FA44FD00E75538 /* UIKit.framework */,
				ECE63BEF15FA44FD00E75538 /* Foundation.framework */,
				ECE63BF115FA44FD00E75538 /* CoreGraphics.framework */,
			);
			name = Frameworks;
			sourceTree = "<group>";
		};
		ECE63BF315FA44FD00E75538 /* DisplayDemo */ = {
			isa = PBXGroup;
			children = (
				EC80D5EF16A41A690078A8D9 /* Resources */,
				ECE98185168E73BA007A8FF2 /* ViewControllers */,
				ECE63C1615FA46A400E75538 /* Configurations */,
				ECE63BF415FA44FE00E75538 /* Supporting Files */,
				ECE63C1115FA467E00E75538 /* MainStoryboard.storyboard */,
				ECE63BFC15FA44FE00E75538 /* WFAppDelegate.h */,
				ECE63BFD15FA44FE00E75538 /* WFAppDelegate.m */,
			);
			path = DisplayDemo;
			sourceTree = "<group>";
		};
		ECE63BF415FA44FE00E75538 /* Supporting Files */ = {
			isa = PBXGroup;
			children = (
				ECE63BF515FA44FE00E75538 /* DisplayDemo-Info.plist */,
				ECE3CAA61738E0CB0067F404 /* DisplayDemoAlt-Info.plist */,
				ECE63BF915FA44FE00E75538 /* main.m */,
				ECE63BFB15FA44FE00E75538 /* DisplayDemo-Prefix.pch */,
			);
			name = "Supporting Files";
			sourceTree = "<group>";
		};
		ECE63C1615FA46A400E75538 /* Configurations */ = {
			isa = PBXGroup;
			children = (
				EC399FD719A4CCFF0029CE80 /* pageTemplates-timex-preconfigured.json */,
				EC399FD819A4CCFF0029CE80 /* pageTemplates-timex.json */,
				ECDBB84519735DD5004A7ACC /* StandardConfig-Dev1.json */,
				ECDBB82C196D3918004A7ACC /* FontTest-Timex.json */,
				ECE3CAA71738E1B80067F404 /* AppName.json */,
				EC8C6D1D1817E42E00BC4CD5 /* AppName-Casio.json */,
				ECB60A4A1730EB1B00879ABA /* System26Test.json */,
				EC1DD8BC169794F60018CFC6 /* StandardConfig.json */,
				ECAE03311681A31300D2D424 /* FontTest.json */,
				ECE6B55A172B98450021FA18 /* default.json */,
				ECB60A481730B3E500879ABA /* NumberFonts.json */,
				EC2B133D178CE89300EA465C /* SystemStrings.json */,
				EC906917181794CB007EFF34 /* Casio-STB-1000.json */,
				ECDBB83A1970E0D9004A7ACC /* Sounds-Dev1.json */,
				EC6CCC6F1806595A00FBE743 /* Sounds-Echo.json */,
				ECEDE8D71831FBBB006903C8 /* Sounds-Casio.json */,
				3794061518E6F544A26D79A8 /* WFDisplayConfiguration+Timex.m */,
				37940C52023F96F8BF1FD110 /* WFDisplayConfiguration+Timex.h */,
			);
			path = Configurations;
			sourceTree = "<group>";
		};
		ECE98185168E73BA007A8FF2 /* ViewControllers */ = {
			isa = PBXGroup;
			children = (
				ECE2996517A7A96F00A79671 /* displayPageView */,
				EC5F64B5169C496600898113 /* common */,
				EC1DD8B61696A4580018CFC6 /* WFDisplayConnectionVC.h */,
				EC1DD8B71696A4580018CFC6 /* WFDisplayConnectionVC.m */,
				EC1DD8B91696A6E70018CFC6 /* WFDisplayDemoStandard.h */,
				EC1DD8BA1696A6E70018CFC6 /* WFDisplayDemoStandard.m */,
				EC2B1340178CE93000EA465C /* WFDisplayDemoSystemStringsVC.h */,
				EC2B1341178CE93000EA465C /* WFDisplayDemoSystemStringsVC.m */,
				EC6CCC6C180657EC00FBE743 /* WFDisplaySoundsDemoVC.h */,
				EC6CCC6D180657EC00FBE743 /* WFDisplaySoundsDemoVC.m */,
			);
			path = ViewControllers;
			sourceTree = "<group>";
		};
/* End PBXGroup section */

/* Begin PBXNativeTarget section */
		ECE3CA861738E0CB0067F404 /* DisplayDemoAlt */ = {
			isa = PBXNativeTarget;
			buildConfigurationList = ECE3CAA21738E0CB0067F404 /* Build configuration list for PBXNativeTarget "DisplayDemoAlt" */;
			buildPhases = (
				ECE3CA871738E0CB0067F404 /* Sources */,
				ECE3CA8E1738E0CB0067F404 /* Frameworks */,
				ECE3CA961738E0CB0067F404 /* Resources */,
			);
			buildRules = (
			);
			dependencies = (
			);
			name = DisplayDemoAlt;
			productName = RFLKDemo;
			productReference = ECE3CAA51738E0CB0067F404 /* DisplayDemoAlt.app */;
			productType = "com.apple.product-type.application";
		};
		ECE63BE815FA44FD00E75538 /* DisplayDemo */ = {
			isa = PBXNativeTarget;
			buildConfigurationList = ECE63C0A15FA44FE00E75538 /* Build configuration list for PBXNativeTarget "DisplayDemo" */;
			buildPhases = (
				ECE63BE515FA44FD00E75538 /* Sources */,
				ECE63BE615FA44FD00E75538 /* Frameworks */,
				ECE63BE715FA44FD00E75538 /* Resources */,
			);
			buildRules = (
			);
			dependencies = (
			);
			name = DisplayDemo;
			productName = RFLKDemo;
			productReference = ECE63BE915FA44FD00E75538 /* DisplayDemo.app */;
			productType = "com.apple.product-type.application";
		};
/* End PBXNativeTarget section */

/* Begin PBXProject section */
		ECE63BE015FA44FD00E75538 /* Project object */ = {
			isa = PBXProject;
			attributes = {
				CLASSPREFIX = WF;
				LastUpgradeCheck = 0500;
				ORGANIZATIONNAME = "Wahoo Fitness";
			};
			buildConfigurationList = ECE63BE315FA44FD00E75538 /* Build configuration list for PBXProject "DisplayDemo" */;
			compatibilityVersion = "Xcode 3.2";
			developmentRegion = English;
			hasScannedForEncodings = 0;
			knownRegions = (
				en,
			);
			mainGroup = ECE63BDE15FA44FD00E75538;
			productRefGroup = ECE63BEA15FA44FD00E75538 /* Products */;
			projectDirPath = "";
			projectRoot = "";
			targets = (
				ECE63BE815FA44FD00E75538 /* DisplayDemo */,
				ECE3CA861738E0CB0067F404 /* DisplayDemoAlt */,
			);
		};
/* End PBXProject section */

/* Begin PBXResourcesBuildPhase section */
		ECE3CA961738E0CB0067F404 /* Resources */ = {
			isa = PBXResourcesBuildPhase;
			buildActionMask = 2147483647;
			files = (
				ECE3CA981738E0CB0067F404 /* MainStoryboard.storyboard in Resources */,
				ECE3CA991738E0CB0067F404 /* FontTest.json in Resources */,
				ECE3CA9A1738E0CB0067F404 /* StandardConfig.json in Resources */,
				ECE3CA9E1738E0CB0067F404 /* default.json in Resources */,
				EC67AB09182B6DB400D261D3 /* DOT.TTF in Resources */,
				ECDBB84719735DD5004A7ACC /* StandardConfig-Dev1.json in Resources */,
				ECE3CAA01738E0CB0067F404 /* NumberFonts.json in Resources */,
				ECE3CAA11738E0CB0067F404 /* System26Test.json in Resources */,
				ECE3CAA91738E1B80067F404 /* AppName.json in Resources */,
				ECDBB83C1970E0D9004A7ACC /* Sounds-Dev1.json in Resources */,
				ECAB93D3173A766A0026FC8A /* Default-568h@2x.png in Resources */,
				EC67AB0F182B707D00D261D3 /* LCD.TTF in Resources */,
				ECDBB82E196D3918004A7ACC /* FontTest-Timex.json in Resources */,
				EC2B133F178CE89300EA465C /* SystemStrings.json in Resources */,
				EC399FDC19A4CCFF0029CE80 /* pageTemplates-timex.json in Resources */,
				ECE2995A17A791B000A79671 /* RFLKTBody.png in Resources */,
				EC399FDA19A4CCFF0029CE80 /* pageTemplates-timex-preconfigured.json in Resources */,
				ECE2995C17A791B000A79671 /* RFLKTBody@2x.png in Resources */,
				ECE2995E17A791B000A79671 /* RFLKTReflection.png in Resources */,
				ECE2996017A791B000A79671 /* RFLKTReflection@2x.png in Resources */,
				ECE2996917A7AA9E00A79671 /* EchoBody@2x.png in Resources */,
				ECE2996B17A7AA9E00A79671 /* EchoBody.png in Resources */,
			);
			runOnlyForDeploymentPostprocessing = 0;
		};
		ECE63BE715FA44FD00E75538 /* Resources */ = {
			isa = PBXResourcesBuildPhase;
			buildActionMask = 2147483647;
			files = (
				ECE63C1415FA467E00E75538 /* MainStoryboard.storyboard in Resources */,
				ECDBB83B1970E0D9004A7ACC /* Sounds-Dev1.json in Resources */,
				ECAE03321681A31300D2D424 /* FontTest.json in Resources */,
				EC67AB0E182B707D00D261D3 /* LCD.TTF in Resources */,
				EC1DD8BD169794F60018CFC6 /* StandardConfig.json in Resources */,
				ECE6B55B172B98450021FA18 /* default.json in Resources */,
				ECEDE8D81831FBBB006903C8 /* Sounds-Casio.json in Resources */,
				EC67AB08182B6DB400D261D3 /* DOT.TTF in Resources */,
				EC399FDB19A4CCFF0029CE80 /* pageTemplates-timex.json in Resources */,
				ECB60A491730B3E500879ABA /* NumberFonts.json in Resources */,
				ECB60A4B1730EB1B00879ABA /* System26Test.json in Resources */,
				ECE3CAA81738E1B80067F404 /* AppName.json in Resources */,
				ECDBB82D196D3918004A7ACC /* FontTest-Timex.json in Resources */,
				ECAB93D2173A766A0026FC8A /* Default-568h@2x.png in Resources */,
				EC2B133E178CE89300EA465C /* SystemStrings.json in Resources */,
				ECE2995917A791B000A79671 /* RFLKTBody.png in Resources */,
				ECE2995B17A791B000A79671 /* RFLKTBody@2x.png in Resources */,
				ECDBB84619735DD5004A7ACC /* StandardConfig-Dev1.json in Resources */,
				ECE2995D17A791B000A79671 /* RFLKTReflection.png in Resources */,
				ECE2995F17A791B000A79671 /* RFLKTReflection@2x.png in Resources */,
				ECE2996817A7AA9E00A79671 /* EchoBody@2x.png in Resources */,
				EC8C6D1E1817E42E00BC4CD5 /* AppName-Casio.json in Resources */,
				EC399FD919A4CCFF0029CE80 /* pageTemplates-timex-preconfigured.json in Resources */,
				ECE2996A17A7AA9E00A79671 /* EchoBody.png in Resources */,
				EC6CCC701806595A00FBE743 /* Sounds-Echo.json in Resources */,
				EC67AB11182C637300D261D3 /* CasioBody@2x.png in Resources */,
				EC906918181794CB007EFF34 /* Casio-STB-1000.json in Resources */,
			);
			runOnlyForDeploymentPostprocessing = 0;
		};
/* End PBXResourcesBuildPhase section */

/* Begin PBXSourcesBuildPhase section */
		ECE3CA871738E0CB0067F404 /* Sources */ = {
			isa = PBXSourcesBuildPhase;
			buildActionMask = 2147483647;
			files = (
				ECE3CA881738E0CB0067F404 /* main.m in Sources */,
				ECE3CA891738E0CB0067F404 /* WFAppDelegate.m in Sources */,
				ECE3CA8A1738E0CB0067F404 /* WFSensorConnectionVC.m in Sources */,
				ECE3CA8B1738E0CB0067F404 /* WFDisplayConnectionVC.m in Sources */,
				ECE3CA8C1738E0CB0067F404 /* WFDisplayDemoStandard.m in Sources */,
				ECE3CA8D1738E0CB0067F404 /* WFSensorImformationVC.m in Sources */,
				EC2B1343178CE93000EA465C /* WFDisplayDemoSystemStringsVC.m in Sources */,
				ECE2994217A78A4D00A79671 /* WFDisplayPageVC.m in Sources */,
				ECE2996417A7A96B00A79671 /* WFDisplayPageViewSelectTVC.m in Sources */,
			);
			runOnlyForDeploymentPostprocessing = 0;
		};
		ECE63BE515FA44FD00E75538 /* Sources */ = {
			isa = PBXSourcesBuildPhase;
			buildActionMask = 2147483647;
			files = (
				ECE63BFA15FA44FE00E75538 /* main.m in Sources */,
				EC6CCC6E180657EC00FBE743 /* WFDisplaySoundsDemoVC.m in Sources */,
				ECE63BFE15FA44FE00E75538 /* WFAppDelegate.m in Sources */,
				ECE9818B168E740C007A8FF2 /* WFSensorConnectionVC.m in Sources */,
				EC1DD8B81696A4590018CFC6 /* WFDisplayConnectionVC.m in Sources */,
				EC1DD8BB1696A6E70018CFC6 /* WFDisplayDemoStandard.m in Sources */,
				EC5F64B8169C515000898113 /* WFSensorImformationVC.m in Sources */,
				EC2B1342178CE93000EA465C /* WFDisplayDemoSystemStringsVC.m in Sources */,
				ECE2994117A78A4D00A79671 /* WFDisplayPageVC.m in Sources */,
				ECE2996317A7A96B00A79671 /* WFDisplayPageViewSelectTVC.m in Sources */,
				379402873CB0D5D57664B2F4 /* WFDisplayConfiguration+Timex.m in Sources */,
			);
			runOnlyForDeploymentPostprocessing = 0;
		};
/* End PBXSourcesBuildPhase section */

/* Begin XCBuildConfiguration section */
		ECE3CAA31738E0CB0067F404 /* Debug */ = {
			isa = XCBuildConfiguration;
			buildSettings = {
				ARCHS = "$(ARCHS_STANDARD)";
				"CODE_SIGN_IDENTITY[sdk=iphoneos*]" = "iPhone Developer";
				FRAMEWORK_SEARCH_PATHS = (
					"\"$(SRCROOT)/..\"",
					"\"$(SRCROOT)/../dependencies\"",
				);
				GCC_PRECOMPILE_PREFIX_HEADER = YES;
				GCC_PREFIX_HEADER = "DisplayDemo/DisplayDemo-Prefix.pch";
				HEADER_SEARCH_PATHS = "";
				INFOPLIST_FILE = "$(SRCROOT)/DisplayDemo/DisplayDemoAlt-Info.plist";
				IPHONEOS_DEPLOYMENT_TARGET = 6.0;
				LIBRARY_SEARCH_PATHS = "$(inherited)";
				OTHER_LDFLAGS = (
					"-lstdc++",
					"-all_load",
				);
				PRODUCT_NAME = DisplayDemoAlt;
				"PROVISIONING_PROFILE[sdk=iphoneos*]" = "";
				VALID_ARCHS = "$(ARCHS_STANDARD)";
				WRAPPER_EXTENSION = app;
			};
			name = Debug;
		};
		ECE3CAA41738E0CB0067F404 /* Release */ = {
			isa = XCBuildConfiguration;
			buildSettings = {
				ARCHS = "$(ARCHS_STANDARD)";
				"CODE_SIGN_IDENTITY[sdk=iphoneos*]" = "iPhone Developer";
				FRAMEWORK_SEARCH_PATHS = (
					"\"$(SRCROOT)/..\"",
					"\"$(SRCROOT)/../dependencies\"",
				);
				GCC_PRECOMPILE_PREFIX_HEADER = YES;
				GCC_PREFIX_HEADER = "DisplayDemo/DisplayDemo-Prefix.pch";
				HEADER_SEARCH_PATHS = "";
				INFOPLIST_FILE = "$(SRCROOT)/DisplayDemo/DisplayDemoAlt-Info.plist";
				IPHONEOS_DEPLOYMENT_TARGET = 6.0;
				LIBRARY_SEARCH_PATHS = "$(inherited)";
				OTHER_LDFLAGS = (
					"-lstdc++",
					"-all_load",
				);
				PRODUCT_NAME = DisplayDemoAlt;
				"PROVISIONING_PROFILE[sdk=iphoneos*]" = "";
				VALID_ARCHS = "$(ARCHS_STANDARD)";
				WRAPPER_EXTENSION = app;
			};
			name = Release;
		};
		ECE63C0815FA44FE00E75538 /* Debug */ = {
			isa = XCBuildConfiguration;
			buildSettings = {
				ALWAYS_SEARCH_USER_PATHS = NO;
				ARCHS = "$(ARCHS_STANDARD_32_BIT)";
				CLANG_CXX_LANGUAGE_STANDARD = "gnu++0x";
				CLANG_ENABLE_OBJC_ARC = YES;
				CLANG_WARN_BOOL_CONVERSION = YES;
				CLANG_WARN_CONSTANT_CONVERSION = YES;
				CLANG_WARN_EMPTY_BODY = YES;
				CLANG_WARN_ENUM_CONVERSION = YES;
				CLANG_WARN_INT_CONVERSION = YES;
				CLANG_WARN__DUPLICATE_METHOD_MATCH = YES;
				"CODE_SIGN_IDENTITY[sdk=iphoneos*]" = "iPhone Developer";
				COPY_PHASE_STRIP = NO;
				GCC_C_LANGUAGE_STANDARD = gnu99;
				GCC_DYNAMIC_NO_PIC = NO;
				GCC_OPTIMIZATION_LEVEL = 0;
				GCC_PREPROCESSOR_DEFINITIONS = (
					"DEBUG=1",
					"$(inherited)",
				);
				GCC_SYMBOLS_PRIVATE_EXTERN = NO;
				GCC_VERSION = com.apple.compilers.llvm.clang.1_0;
				GCC_WARN_64_TO_32_BIT_CONVERSION = YES;
				GCC_WARN_ABOUT_RETURN_TYPE = YES;
				GCC_WARN_UNDECLARED_SELECTOR = YES;
				GCC_WARN_UNINITIALIZED_AUTOS = YES;
				GCC_WARN_UNUSED_FUNCTION = YES;
				GCC_WARN_UNUSED_VARIABLE = YES;
				IPHONEOS_DEPLOYMENT_TARGET = 6.0;
				SDKROOT = iphoneos;
			};
			name = Debug;
		};
		ECE63C0915FA44FE00E75538 /* Release */ = {
			isa = XCBuildConfiguration;
			buildSettings = {
				ALWAYS_SEARCH_USER_PATHS = NO;
				ARCHS = "$(ARCHS_STANDARD_32_BIT)";
				CLANG_CXX_LANGUAGE_STANDARD = "gnu++0x";
				CLANG_ENABLE_OBJC_ARC = YES;
				CLANG_WARN_BOOL_CONVERSION = YES;
				CLANG_WARN_CONSTANT_CONVERSION = YES;
				CLANG_WARN_EMPTY_BODY = YES;
				CLANG_WARN_ENUM_CONVERSION = YES;
				CLANG_WARN_INT_CONVERSION = YES;
				CLANG_WARN__DUPLICATE_METHOD_MATCH = YES;
				"CODE_SIGN_IDENTITY[sdk=iphoneos*]" = "iPhone Developer";
				COPY_PHASE_STRIP = YES;
				GCC_C_LANGUAGE_STANDARD = gnu99;
				GCC_VERSION = com.apple.compilers.llvm.clang.1_0;
				GCC_WARN_64_TO_32_BIT_CONVERSION = YES;
				GCC_WARN_ABOUT_RETURN_TYPE = YES;
				GCC_WARN_UNDECLARED_SELECTOR = YES;
				GCC_WARN_UNINITIALIZED_AUTOS = YES;
				GCC_WARN_UNUSED_FUNCTION = YES;
				GCC_WARN_UNUSED_VARIABLE = YES;
				IPHONEOS_DEPLOYMENT_TARGET = 6.0;
				OTHER_CFLAGS = "-DNS_BLOCK_ASSERTIONS=1";
				SDKROOT = iphoneos;
				VALIDATE_PRODUCT = YES;
			};
			name = Release;
		};
		ECE63C0B15FA44FE00E75538 /* Debug */ = {
			isa = XCBuildConfiguration;
			buildSettings = {
				ARCHS = "$(ARCHS_STANDARD)";
				"CODE_SIGN_IDENTITY[sdk=iphoneos*]" = "iPhone Developer";
				FRAMEWORK_SEARCH_PATHS = (
					"\"$(SRCROOT)/..\"",
					"\"$(SRCROOT)/../dependencies\"",
				);
				GCC_PRECOMPILE_PREFIX_HEADER = YES;
				GCC_PREFIX_HEADER = "DisplayDemo/DisplayDemo-Prefix.pch";
				HEADER_SEARCH_PATHS = "";
				INFOPLIST_FILE = "DisplayDemo/DisplayDemo-Info.plist";
				IPHONEOS_DEPLOYMENT_TARGET = 6.0;
				LIBRARY_SEARCH_PATHS = "$(inherited)";
				OTHER_LDFLAGS = (
					"-lstdc++",
					"-all_load",
				);
				PRODUCT_NAME = DisplayDemo;
				"PROVISIONING_PROFILE[sdk=iphoneos*]" = "";
				VALID_ARCHS = "$(ARCHS_STANDARD)";
				WRAPPER_EXTENSION = app;
			};
			name = Debug;
		};
		ECE63C0C15FA44FE00E75538 /* Release */ = {
			isa = XCBuildConfiguration;
			buildSettings = {
				ARCHS = "$(ARCHS_STANDARD)";
				"CODE_SIGN_IDENTITY[sdk=iphoneos*]" = "iPhone Developer";
				FRAMEWORK_SEARCH_PATHS = (
					"\"$(SRCROOT)/..\"",
					"\"$(SRCROOT)/../dependencies\"",
				);
				GCC_PRECOMPILE_PREFIX_HEADER = YES;
				GCC_PREFIX_HEADER = "DisplayDemo/DisplayDemo-Prefix.pch";
				HEADER_SEARCH_PATHS = "";
				INFOPLIST_FILE = "DisplayDemo/DisplayDemo-Info.plist";
				IPHONEOS_DEPLOYMENT_TARGET = 6.0;
				LIBRARY_SEARCH_PATHS = "$(inherited)";
				OTHER_LDFLAGS = (
					"-lstdc++",
					"-all_load",
				);
				PRODUCT_NAME = DisplayDemo;
				"PROVISIONING_PROFILE[sdk=iphoneos*]" = "";
				VALID_ARCHS = "$(ARCHS_STANDARD)";
				WRAPPER_EXTENSION = app;
			};
			name = Release;
		};
/* End XCBuildConfiguration section */

/* Begin XCConfigurationList section */
		ECE3CAA21738E0CB0067F404 /* Build configuration list for PBXNativeTarget "DisplayDemoAlt" */ = {
			isa = XCConfigurationList;
			buildConfigurations = (
				ECE3CAA31738E0CB0067F404 /* Debug */,
				ECE3CAA41738E0CB0067F404 /* Release */,
			);
			defaultConfigurationIsVisible = 0;
			defaultConfigurationName = Release;
		};
		ECE63BE315FA44FD00E75538 /* Build configuration list for PBXProject "DisplayDemo" */ = {
			isa = XCConfigurationList;
			buildConfigurations = (
				ECE63C0815FA44FE00E75538 /* Debug */,
				ECE63C0915FA44FE00E75538 /* Release */,
			);
			defaultConfigurationIsVisible = 0;
			defaultConfigurationName = Release;
		};
		ECE63C0A15FA44FE00E75538 /* Build configuration list for PBXNativeTarget "DisplayDemo" */ = {
			isa = XCConfigurationList;
			buildConfigurations = (
				ECE63C0B15FA44FE00E75538 /* Debug */,
				ECE63C0C15FA44FE00E75538 /* Release */,
			);
			defaultConfigurationIsVisible = 0;
			defaultConfigurationName = Release;
		};
/* End XCConfigurationList section */
	};
	rootObject = ECE63BE015FA44FD00E75538 /* Project object */;
}
